
Microsoft Visual Studio Solution File, Format Version 12.00
# Visual Studio Version 17
VisualStudioVersion = 17.2.32616.157
MinimumVisualStudioVersion = 10.0.40219.1
Project("{FAE04EC0-301F-11D3-BF4B-00C04F79EFBC}") = "palindrome", "palindrome\palindrome.csproj", "{C80AC786-2630-4070-BC93-9579C246B249}"
EndProject
Global
	GlobalSection(SolutionConfigurationPlatforms) = preSolution
		Debug|Any CPU = Debug|Any CPU
		Release|Any CPU = Release|Any CPU
	EndGlobalSection
	GlobalSection(ProjectConfigurationPlatforms) = postSolution
		{C80AC786-2630-4070-BC93-9579C246B249}.Debug|Any CPU.ActiveCfg = Debug|Any CPU
		{C80AC786-2630-4070-BC93-9579C246B249}.Debug|Any CPU.Build.0 = Debug|Any CPU
		{C80AC786-2630-4070-BC93-9579C246B249}.Release|Any CPU.ActiveCfg = Release|Any CPU
		{C80AC786-2630-4070-BC93-9579C246B249}.Release|Any CPU.Build.0 = Release|Any CPU
	EndGlobalSection
	GlobalSection(SolutionProperties) = preSolution
		HideSolutionNode = FALSE
	EndGlobalSection
	GlobalSection(ExtensibilityGlobals) = postSolution
		SolutionGuid = {59EE087C-9BC8-4C8B-9293-8C8D0C2FDE99}
	EndGlobalSection
EndGlobal
